
Microsoft Visual Studio Solution File, Format Version 12.00
# Visual Studio Version 16
VisualStudioVersion = 16.0.29418.71
MinimumVisualStudioVersion = 10.0.40219.1
Project("{FAE04EC0-301F-11D3-BF4B-00C04F79EFBC}") = "NetFlux", "NetFlux\NetFlux.csproj", "{6E489C7A-9398-452F-B212-58DAC4D92C70}"
EndProject
Project("{FAE04EC0-301F-11D3-BF4B-00C04F79EFBC}") = "NetFluxTest", "NetFluxTest\NetFluxTest.csproj", "{2E6CDE2B-786B-4ACD-86E7-4E02ED762EC4}"
EndProject
Project("{FAE04EC0-301F-11D3-BF4B-00C04F79EFBC}") = "ExampleConsole", "ExampleConsole\ExampleConsole.csproj", "{6D260661-3E7E-4557-9C79-06424C704662}"
EndProject
Global
	GlobalSection(SolutionConfigurationPlatforms) = preSolution
		Debug|Any CPU = Debug|Any CPU
		Release|Any CPU = Release|Any CPU
	EndGlobalSection
	GlobalSection(ProjectConfigurationPlatforms) = postSolution
		{6E489C7A-9398-452F-B212-58DAC4D92C70}.Debug|Any CPU.ActiveCfg = Debug|Any CPU
		{6E489C7A-9398-452F-B212-58DAC4D92C70}.Debug|Any CPU.Build.0 = Debug|Any CPU
		{6E489C7A-9398-452F-B212-58DAC4D92C70}.Release|Any CPU.ActiveCfg = Release|Any CPU
		{6E489C7A-9398-452F-B212-58DAC4D92C70}.Release|Any CPU.Build.0 = Release|Any CPU
		{2E6CDE2B-786B-4ACD-86E7-4E02ED762EC4}.Debug|Any CPU.ActiveCfg = Debug|Any CPU
		{2E6CDE2B-786B-4ACD-86E7-4E02ED762EC4}.Debug|Any CPU.Build.0 = Debug|Any CPU
		{2E6CDE2B-786B-4ACD-86E7-4E02ED762EC4}.Release|Any CPU.ActiveCfg = Release|Any CPU
		{2E6CDE2B-786B-4ACD-86E7-4E02ED762EC4}.Release|Any CPU.Build.0 = Release|Any CPU
		{6D260661-3E7E-4557-9C79-06424C704662}.Debug|Any CPU.ActiveCfg = Debug|Any CPU
		{6D260661-3E7E-4557-9C79-06424C704662}.Debug|Any CPU.Build.0 = Debug|Any CPU
		{6D260661-3E7E-4557-9C79-06424C704662}.Release|Any CPU.ActiveCfg = Release|Any CPU
		{6D260661-3E7E-4557-9C79-06424C704662}.Release|Any CPU.Build.0 = Release|Any CPU
	EndGlobalSection
	GlobalSection(SolutionProperties) = preSolution
		HideSolutionNode = FALSE
	EndGlobalSection
	GlobalSection(ExtensibilityGlobals) = postSolution
		SolutionGuid = {B38442E0-399E-4F74-B586-2FBEA00A4551}
	EndGlobalSection
EndGlobal
